
Microsoft Visual Studio Solution File, Format Version 12.00
# Visual Studio Version 17
VisualStudioVersion = 17.9.34723.18
MinimumVisualStudioVersion = 10.0.40219.1
Project("{FAE04EC0-301F-11D3-BF4B-00C04F79EFBC}") = "PokemonAPI", "PokemonAPI\PokemonAPI.csproj", "{B8131F73-ECD4-4224-BE33-450F056641EB}"
EndProject
Global
	GlobalSection(SolutionConfigurationPlatforms) = preSolution
		Debug|Any CPU = Debug|Any CPU
		Release|Any CPU = Release|Any CPU
	EndGlobalSection
	GlobalSection(ProjectConfigurationPlatforms) = postSolution
		{B8131F73-ECD4-4224-BE33-450F056641EB}.Debug|Any CPU.ActiveCfg = Debug|Any CPU
		{B8131F73-ECD4-4224-BE33-450F056641EB}.Debug|Any CPU.Build.0 = Debug|Any CPU
		{B8131F73-ECD4-4224-BE33-450F056641EB}.Release|Any CPU.ActiveCfg = Release|Any CPU
		{B8131F73-ECD4-4224-BE33-450F056641EB}.Release|Any CPU.Build.0 = Release|Any CPU
	EndGlobalSection
	GlobalSection(SolutionProperties) = preSolution
		HideSolutionNode = FALSE
	EndGlobalSection
	GlobalSection(ExtensibilityGlobals) = postSolution
		SolutionGuid = {A42AAC08-A6EB-4EF7-9027-A1BD58847606}
	EndGlobalSection
EndGlobal
